# THIS IS AN AUTOGENERATED FILE. DO NOT EDIT THIS FILE DIRECTLY.
# yarn lockfile v1


"@esbuild/android-arm64@0.16.13":
  version "0.16.13"
  resolved "https://registry.yarnpkg.com/@esbuild/android-arm64/-/android-arm64-0.16.13.tgz#1fc9bfbff0bac558008b2ad7242db1c8024d8cfd"
  integrity sha512-r4xetsd1ez1NF9/9R2f9Q6AlxqiZLwUqo7ICOcvEVwopVkXUcspIjEbJk0EVTgT6Cp5+ymzGPT6YNV0ievx4yA==

"@esbuild/android-arm@0.16.13":
  version "0.16.13"
  resolved "https://registry.yarnpkg.com/@esbuild/android-arm/-/android-arm-0.16.13.tgz#df3317286eed68c727daf39c2d585625f9c2f170"
  integrity sha512-JmtqThupn9Yf+FzANE+GG73ASUkssnPwOsndUElhp23685QzRK+MO1UompOlBaXV9D5FTuYcPnw7p4mCq2YbZQ==

"@esbuild/android-x64@0.16.13":
  version "0.16.13"
  resolved "https://registry.yarnpkg.com/@esbuild/android-x64/-/android-x64-0.16.13.tgz#c34826c4bdc57c60cbfb8d5bbd2306a89225626a"
  integrity sha512-hKt1bFht/Vtp0xJ0ZVzFMnPy1y1ycmM3KNnp3zsyZfQmw7nhs2WLO4vxdR5YG+6RsHKCb2zbZ3VwlC0Tij0qyA==

"@esbuild/darwin-arm64@0.16.13":
  version "0.16.13"
  resolved "https://registry.yarnpkg.com/@esbuild/darwin-arm64/-/darwin-arm64-0.16.13.tgz#0b80c8580c262ccfb1203053201cf19c6f7b4cdb"
  integrity sha512-ogrVuNi2URocrr3Ps20f075EMm9V7IeenOi9FRj4qdbT6mQlwLuP4l90PW2iBrKERx0oRkcZprEUNsz/3xd7ww==

"@esbuild/darwin-x64@0.16.13":
  version "0.16.13"
  resolved "https://registry.yarnpkg.com/@esbuild/darwin-x64/-/darwin-x64-0.16.13.tgz#f1a6c9ea67d4eaaf4944e1cbceb800eabc6e7e74"
  integrity sha512-Agajik9SBGiKD7FPXE+ExW6x3MgA/dUdpZnXa9y1tyfE4lKQx+eQiknSdrBnWPeqa9wL0AOvkhghmYhpVkyqkA==

"@esbuild/freebsd-arm64@0.16.13":
  version "0.16.13"
  resolved "https://registry.yarnpkg.com/@esbuild/freebsd-arm64/-/freebsd-arm64-0.16.13.tgz#d1a45ac5c4a1be566c4eefbadbe5a967288ad338"
  integrity sha512-KxMO3/XihBcHM+xQUM6nQZO1SgQuOsd1DCnKF1a4SIf/i5VD45vrqN3k8ePgFrEbMi7m5JeGmvNqwJXinF0a4Q==

"@esbuild/freebsd-x64@0.16.13":
  version "0.16.13"
  resolved "https://registry.yarnpkg.com/@esbuild/freebsd-x64/-/freebsd-x64-0.16.13.tgz#ec64a31cabb08343bb4520a221324b40509dffc8"
  integrity sha512-Ez15oqV1vwvZ30cVLeBW14BsWq/fdWNQGMOxxqaSJVQVLqHhvgfQ7gxGDiN9tpJdeQhqJO+Q0r02/Tce5+USNg==

"@esbuild/linux-arm64@0.16.13":
  version "0.16.13"
  resolved "https://registry.yarnpkg.com/@esbuild/linux-arm64/-/linux-arm64-0.16.13.tgz#e8db3c3751b32ecf801751424eae43f6863a2ee7"
  integrity sha512-qi5n7KwcGViyJeZeQnu8fB6dC3Mlm5PGaqSv2HhQDDx/MPvVfQGNMcv7zcBL4qk3FkuWhGVwXkjQ76x7R0PWlA==

"@esbuild/linux-arm@0.16.13":
  version "0.16.13"
  resolved "https://registry.yarnpkg.com/@esbuild/linux-arm/-/linux-arm-0.16.13.tgz#ac0c8e9f3db8d418f588ae250e9c66ffdcf3cd82"
  integrity sha512-18dLd2L3mda+iFj6sswyBMSh2UwniamD9M4DwPv8VM+9apRFlQ5IGKxBdumnTuOI4NvwwAernmUseWhYQ9k+rg==

"@esbuild/linux-ia32@0.16.13":
  version "0.16.13"
  resolved "https://registry.yarnpkg.com/@esbuild/linux-ia32/-/linux-ia32-0.16.13.tgz#41ee9bd3b7161ab681fab6cb3990a3f5c08a9940"
  integrity sha512-2489Xad9sr+6GD7nB913fUqpCsSwVwgskkQTq4Or2mZntSPYPebyJm8l1YruHo7oqYMTGV6RiwGE4gRo3H+EPQ==

"@esbuild/linux-loong64@0.16.13":
  version "0.16.13"
  resolved "https://registry.yarnpkg.com/@esbuild/linux-loong64/-/linux-loong64-0.16.13.tgz#e4a832708e0b47078b91413edcfdb6af88c854a3"
  integrity sha512-x8KplRu9Y43Px8I9YS+sPBwQ+fw44Mvp2BPVADopKDWz+h3fcj1BvRU58kxb89WObmwKX9sWdtYzepL4Fmx03A==

"@esbuild/linux-mips64el@0.16.13":
  version "0.16.13"
  resolved "https://registry.yarnpkg.com/@esbuild/linux-mips64el/-/linux-mips64el-0.16.13.tgz#30d8571b71e0b8bf25fc5ef11422221ed23cdacc"
  integrity sha512-qhhdWph9FLwD9rVVC/nUf7k2U4NZIA6/mGx0B7+O6PFV0GjmPA2E3zDQ4NUjq9P26E0DeAZy9akH9dYcUBRU7A==

"@esbuild/linux-ppc64@0.16.13":
  version "0.16.13"
  resolved "https://registry.yarnpkg.com/@esbuild/linux-ppc64/-/linux-ppc64-0.16.13.tgz#32a3855d4b79ba1d2b63dab592cb9f0d4a9ba485"
  integrity sha512-cVWAPKsrRVxI1jCeJHnYSbE3BrEU+pZTZK2gfao9HRxuc+3m4+RLfs3EVEpGLmMKEcWfVCB9wZ3yNxnknutGKQ==

"@esbuild/linux-riscv64@0.16.13":
  version "0.16.13"
  resolved "https://registry.yarnpkg.com/@esbuild/linux-riscv64/-/linux-riscv64-0.16.13.tgz#6139202858da8202724d7079102614c269524f34"
  integrity sha512-Agb7dbRyZWnmPn5Vvf0eyqaEUqSsaIUwwyInu2EoFTaIDRp093QU2M5alUyOooMLkRbD1WvqQNwx08Z/g+SAcQ==

"@esbuild/linux-s390x@0.16.13":
  version "0.16.13"
  resolved "https://registry.yarnpkg.com/@esbuild/linux-s390x/-/linux-s390x-0.16.13.tgz#df3550a51e4155cde31486e01d8121f078e959ae"
  integrity sha512-AqRBIrc/+kl08ahliNG+EyU+j41wIzQfwBTKpi80cCDiYvYFPuXjvzZsD9muiu58Isj0RVni9VgC4xK/AnSW4g==

"@esbuild/linux-x64@0.16.13":
  version "0.16.13"
  resolved "https://registry.yarnpkg.com/@esbuild/linux-x64/-/linux-x64-0.16.13.tgz#deb7951829ea5930e0d88440aeb5df0756ebb2d0"
  integrity sha512-S4wn2BimuhPcoArRtVrdHUKIymCCZcYAXQE47kUiX4yrUrEX2/ifn5eKNbZ5c1jJKUlh1gC2ESIN+iw3wQax3g==

"@esbuild/netbsd-x64@0.16.13":
  version "0.16.13"
  resolved "https://registry.yarnpkg.com/@esbuild/netbsd-x64/-/netbsd-x64-0.16.13.tgz#8cba08074263862138cc5c63ad7f9640fe3faa69"
  integrity sha512-2c8JWgfUMlQHTdaR5X3xNMwqOyad8kgeCupuVkdm3QkUOzGREjlTETQsK6oHifocYzDCo9FeKcUwsK356SdR+g==

"@esbuild/openbsd-x64@0.16.13":
  version "0.16.13"
  resolved "https://registry.yarnpkg.com/@esbuild/openbsd-x64/-/openbsd-x64-0.16.13.tgz#4ae19ac63c665424d248ba5c577618dd7bbcebd5"
  integrity sha512-Bwh+PmKD/LK+xBjqIpnYnKYj0fIyQJ0YpRxsn0F+WfzvQ2OA+GKDlf8AHosiCns26Q4Dje388jQVwfOBZ1GaFw==

"@esbuild/sunos-x64@0.16.13":
  version "0.16.13"
  resolved "https://registry.yarnpkg.com/@esbuild/sunos-x64/-/sunos-x64-0.16.13.tgz#592caacab6b2c7669cd869b51f66dc354da03fc2"
  integrity sha512-8wwk6f9XGnhrF94/DBdFM4Xm1JeCyGTCj67r516VS9yvBVQf3Rar54L+XPVDs/oZOokwH+XsktrgkuTMAmjntg==

"@esbuild/win32-arm64@0.16.13":
  version "0.16.13"
  resolved "https://registry.yarnpkg.com/@esbuild/win32-arm64/-/win32-arm64-0.16.13.tgz#965ebbe889e4221962250c55facaa1e48130c162"
  integrity sha512-Jmwbp/5ArLCiRAHC33ODfcrlIcbP/exXkOEUVkADNJC4e/so2jm+i8IQFvVX/lA2GWvK3GdgcN0VFfp9YITAbg==

"@esbuild/win32-ia32@0.16.13":
  version "0.16.13"
  resolved "https://registry.yarnpkg.com/@esbuild/win32-ia32/-/win32-ia32-0.16.13.tgz#1b04965bcf340ba4879b452ac32df63216d4c87e"
  integrity sha512-AX6WjntGjhJHzrPSVvjMD7grxt41koHfAOx6lxLorrpDwwIKKPaGDASPZgvFIZHTbwhOtILW6vAXxYPDsKpDJA==

"@esbuild/win32-x64@0.16.13":
  version "0.16.13"
  resolved "https://registry.yarnpkg.com/@esbuild/win32-x64/-/win32-x64-0.16.13.tgz#0b0989cf0e7887cb0f3124e705cee68a694b96dd"
  integrity sha512-A+U4gM6OOkPS03UgVU08GTpAAAxPsP/8Z4FmneGo4TaVSD99bK9gVJXlqUEPMO/htFXEAht2O6pX4ErtLY5tVg==

"@pixi/accessibility@7.0.5":
  version "7.0.5"
  resolved "https://registry.yarnpkg.com/@pixi/accessibility/-/accessibility-7.0.5.tgz#a3978d87e936dc178510a03dfebd6a7e66090bfd"
  integrity sha512-+Wiwu7Vj19wa0CrtXlzmswtwNUGsjDCjtmI3HbKHQ3MphjHUKmgx3ga7NL1O53Mwr9XGhkHCOrZzW04fGCtXoA==

"@pixi/app@7.0.5":
  version "7.0.5"
  resolved "https://registry.yarnpkg.com/@pixi/app/-/app-7.0.5.tgz#9d285cecaf8c5a0a885e1fa12ddfd4006b683439"
  integrity sha512-fLOJKywqwb4l9mJOE1tgfAhGxqhwb9/UlntivyXQXI6hTYDUivpzIWrWoV+mE09yAvwaw8PR1gnhPuagjrjDuQ==

"@pixi/assets@7.0.5":
  version "7.0.5"
  resolved "https://registry.yarnpkg.com/@pixi/assets/-/assets-7.0.5.tgz#2a1400828de2f2d54341a76b2daa8ffd13f696eb"
  integrity sha512-GGFrFIAQRzSmmC9ZALSIwaGZNi10Rt0MbuedK+oGPKtSuvQJ37bNGL4sU7PXsTulBdBMUQgbIzmq6FBPnpV9kA==
  dependencies:
    "@types/css-font-loading-module" "^0.0.7"

"@pixi/compressed-textures@7.0.5":
  version "7.0.5"
  resolved "https://registry.yarnpkg.com/@pixi/compressed-textures/-/compressed-textures-7.0.5.tgz#31f085dd468e3e83daec3d03b827c655d9a84b6f"
  integrity sha512-OWEtcaPurtpYJLLzDZHq6wDI67ajPb4xl/t+O29Q3PrFSEmZXFfw5lMsDgh9MY4d62jpZwx2dH4QEBK1qjOBvQ==

"@pixi/constants@7.0.5":
  version "7.0.5"
  resolved "https://registry.yarnpkg.com/@pixi/constants/-/constants-7.0.5.tgz#24740d5418ce53388bb3a08b186fc4be38f28320"
  integrity sha512-4u5UqLo+8uuUon2EBIjSxUo80r7eUr1gWpFAg2B9ziRJePl5Q75azYX+77uVp5cFnloYIcSuNyjtJFdQ/umDgg==

"@pixi/core@7.0.5":
  version "7.0.5"
  resolved "https://registry.yarnpkg.com/@pixi/core/-/core-7.0.5.tgz#8603b089957fd9f11c5719ba2bf88a370d3886c7"
  integrity sha512-+7SgV45t7lw7r8XhtYMv+p0ehc7UPHv9qlMem7Cb/2cZqwxa9Z7TUzQlI9ENb/OsEqURSQ0PJ5ANgEOqQiciiA==
  dependencies:
    "@pixi/constants" "7.0.5"
    "@pixi/extensions" "7.0.5"
    "@pixi/math" "7.0.5"
    "@pixi/runner" "7.0.5"
    "@pixi/settings" "7.0.5"
    "@pixi/ticker" "7.0.5"
    "@pixi/utils" "7.0.5"
    "@types/offscreencanvas" "^2019.6.4"

"@pixi/display@7.0.5":
  version "7.0.5"
  resolved "https://registry.yarnpkg.com/@pixi/display/-/display-7.0.5.tgz#e2beac76c2811043deea07c43766ddc430db45e0"
  integrity sha512-9sXXn7HMFJo5cb4KU3Bdzzhhler9KBuPotHG57gew1MbsMCP32+lvPzqMB1bj6OU0QLjknJxvON77j13CNBh+w==

"@pixi/events@7.0.5":
  version "7.0.5"
  resolved "https://registry.yarnpkg.com/@pixi/events/-/events-7.0.5.tgz#abe1fec8b362d0a086016ddcd4bbbe4a709f9266"
  integrity sha512-WKXSOvyfIl2RF5vFG3sT50gvBhH9SqiO4ymdX3GdRi2R+jB5Xo/vJBaBdZCC9sPqC5avhqj6oorQpcL3YoyJkg==

"@pixi/extensions@7.0.5":
  version "7.0.5"
  resolved "https://registry.yarnpkg.com/@pixi/extensions/-/extensions-7.0.5.tgz#dd0edbfe07187879c55054cbbd676cbe70d7350e"
  integrity sha512-zCfhMPPZC5dhH0V/GDK1rUEVAT7Ju9K5bIfbd78hbqUZeK7eq8xA8TFEtPE2rdQJesvdDx+qLDv8QhywyR3Y8Q==

"@pixi/extract@7.0.5":
  version "7.0.5"
  resolved "https://registry.yarnpkg.com/@pixi/extract/-/extract-7.0.5.tgz#c11085ee78cf04e93fb48abf2990105147228ba2"
  integrity sha512-HMWTTpl/0IGGCWckpAQnXK+kcoLth2WApL3o9l21MeESbKWwbXk4HdiSM42naY651KWGkkdfP+EjLjXmGmlw5A==

"@pixi/filter-alpha@7.0.5":
  version "7.0.5"
  resolved "https://registry.yarnpkg.com/@pixi/filter-alpha/-/filter-alpha-7.0.5.tgz#e77acccbbd61a3d31829fa5b833036bd7955f6b2"
  integrity sha512-c2ixjkApAXts0oPI//YP3i2OboxvGekGZHhKmDPuHflI2UoRM1Uy8LXMSNe7xOkSXEa/AkC28d9JQBb+6GZ5Fg==

"@pixi/filter-blur@7.0.5":
  version "7.0.5"
  resolved "https://registry.yarnpkg.com/@pixi/filter-blur/-/filter-blur-7.0.5.tgz#b6eef78685814655179bdf8822d14c638bbba14b"
  integrity sha512-YxncNFYZ/cVRmKVCn1giBiaFaBsYOW+nunx05RV4LJmX9tAxlRFPJLK8Rc1Cqnq5Rk3ZBW4PtXl2gtUIf12haA==

"@pixi/filter-color-matrix@7.0.5":
  version "7.0.5"
  resolved "https://registry.yarnpkg.com/@pixi/filter-color-matrix/-/filter-color-matrix-7.0.5.tgz#35fa660b5e3f468c9cb312c4e835991889a1f266"
  integrity sha512-sQX0PSsS6o3MgU/Oxr+S9zPMBk+Dxr9H5zgUVSkVcdZh++WQ1LYCPEBwKQFaSDkQ2M8Dxl/lzJgtA5bqpk6MCw==

"@pixi/filter-displacement@7.0.5":
  version "7.0.5"
  resolved "https://registry.yarnpkg.com/@pixi/filter-displacement/-/filter-displacement-7.0.5.tgz#65d1a5e429a52bd18444aa876b449797138ebf76"
  integrity sha512-5+34agfCpk+wT+uhrp0JK8/9EW/9llGaYl5IdJ1CsqOHdIQjFbhhqmzEs7U6pYeFbHjQ0ABclMsVZ4qc/rMoRw==

"@pixi/filter-fxaa@7.0.5":
  version "7.0.5"
  resolved "https://registry.yarnpkg.com/@pixi/filter-fxaa/-/filter-fxaa-7.0.5.tgz#e0a8d6fed341a2953e49dc8f68f3c2cae4b686c8"
  integrity sha512-o84VCjAvPxGoP+4KehiVQn7v2sJGBvOX+Qxa48v+e/HdRQeuJ31At8XswW5oBAY/7tdM+fJWtNyVJTf2m6HsCQ==

"@pixi/filter-noise@7.0.5":
  version "7.0.5"
  resolved "https://registry.yarnpkg.com/@pixi/filter-noise/-/filter-noise-7.0.5.tgz#ad85dc4dbf0ad5709bac8e9b3a8244e0f7803cc4"
  integrity sha512-OSwd4jCihDlYCPGCv9pogVeehIYS1WbTxsFeWhMIZBc2sffEJeW3QzKKYzMO9c7sy6IljLEqZV7T3sYrmzA1WA==

"@pixi/graphics@7.0.5":
  version "7.0.5"
  resolved "https://registry.yarnpkg.com/@pixi/graphics/-/graphics-7.0.5.tgz#3a5558fdceaef316bb0044cf84a7f1856777b9f6"
  integrity sha512-I5Y6IpntiEoJB0HOZ7nSw8r3ZHMyyeE8RMCc3Aud6j5B6CtBkpqCHyxOFNmDod2Ymznj/hWBhLl4ee8SJjRdWg==

"@pixi/math-extras@^7.0.5":
  version "7.0.5"
  resolved "https://registry.yarnpkg.com/@pixi/math-extras/-/math-extras-7.0.5.tgz#0d14824a6d443e2fc5b888b8a19b49625a1729a9"
  integrity sha512-8WieySTbzVVK5yqeC/l3A+n7SVgNFW1Rpr/xTaEgdZABRzvFLgnHs59tKbR5/lWo/MToSbbY/2vrXsJGbjrCCg==

"@pixi/math@7.0.5":
  version "7.0.5"
  resolved "https://registry.yarnpkg.com/@pixi/math/-/math-7.0.5.tgz#5b5c727e931eb578f3a1d6482483bc5e9036758b"
  integrity sha512-v8OCcAL8oK8pf2jtsfHJebTdQ3IA5NI/mdv+Err3F3u4hJHSkDeag9woIBZNfim5ATV/1qriv4b1TT9J+uiL3A==

"@pixi/mesh-extras@7.0.5":
  version "7.0.5"
  resolved "https://registry.yarnpkg.com/@pixi/mesh-extras/-/mesh-extras-7.0.5.tgz#9a6975df1569378f6b15c9ad7a9f27694ab56489"
  integrity sha512-+GW5XmavenmSPwZCJDxnXXrflshv0bQGa1gdD2s/T5RxVEP+GYBqPeW2L9fYPowr7070fzzuSVxmcU1yXpv3lw==

"@pixi/mesh@7.0.5":
  version "7.0.5"
  resolved "https://registry.yarnpkg.com/@pixi/mesh/-/mesh-7.0.5.tgz#d67fb9729a0b2243b64494c5147ad34183732dd4"
  integrity sha512-PinHnPbxqou4G4WvwGmmwQAilGHTQd3vC6RlHIOBsxCK/9lw1cQ1Js9VAr0/3cy2Wf5or/AtKTwl0okzBf+4og==

"@pixi/mixin-cache-as-bitmap@7.0.5":
  version "7.0.5"
  resolved "https://registry.yarnpkg.com/@pixi/mixin-cache-as-bitmap/-/mixin-cache-as-bitmap-7.0.5.tgz#25c3494cd1015066e79b104bd41c785832300ba1"
  integrity sha512-XlSga7zNDWEzKkOJcifAlXg+FU97pnY9RWm6Gd9zFGY9AQCKWgE++if2/wXMk57pvcTPu3E+li6D3nRYihbVfg==

"@pixi/mixin-get-child-by-name@7.0.5":
  version "7.0.5"
  resolved "https://registry.yarnpkg.com/@pixi/mixin-get-child-by-name/-/mixin-get-child-by-name-7.0.5.tgz#f4cc6f78331a7e7786f20c596354d245b8f75d4e"
  integrity sha512-1uVSwlGHGubcaxbzdzWipHvz7DygHWgvxSTpQzSEs8+61EmcuwZHaDj/ceXC7Sir8iP4hp12ScWjii0grMHMfw==

"@pixi/mixin-get-global-position@7.0.5":
  version "7.0.5"
  resolved "https://registry.yarnpkg.com/@pixi/mixin-get-global-position/-/mixin-get-global-position-7.0.5.tgz#bf72dd209f1ba18af1aa729da8b079f1f0a5e437"
  integrity sha512-Bnq7tZiViireQeLf+8hcuGNK8DuDZTt5AiEISIptqzy0wMOwoLXeBx7+qLwP8RPvImrGhifDotHxDRNB66psDw==

"@pixi/particle-container@7.0.5":
  version "7.0.5"
  resolved "https://registry.yarnpkg.com/@pixi/particle-container/-/particle-container-7.0.5.tgz#80bdd9950d2236c570511796a5f49c9b6b064743"
  integrity sha512-1BIRunfi2kUe6fvrFWcYGlbEnqOCeK5hUza2aYyNZz/dSB8T6Zfs0SsBjIy5AfyZpyH8U6KJ4tP5qHp93xDlEw==

"@pixi/prepare@7.0.5":
  version "7.0.5"
  resolved "https://registry.yarnpkg.com/@pixi/prepare/-/prepare-7.0.5.tgz#ea84a95c8137a4a874783712f8c85be50f5e2dd7"
  integrity sha512-SdBj5RgXzzJZoIHFopdf5qUbEcNuJSSOOxU0K0WEcaZJH0MPSO5jaUbSKeF/p5C1WfRl2iRc/DzSfBaFBmA9vw==

"@pixi/runner@7.0.5":
  version "7.0.5"
  resolved "https://registry.yarnpkg.com/@pixi/runner/-/runner-7.0.5.tgz#536bd39056013489d1e0adb045dcc5d0cce13863"
  integrity sha512-7Ym6FXwAv+5pM4oPCk4HNiSG7C69W69zZAuoRaz1hvFpu5fi6J4alhDBI1g3u5S+wyQb6ITuwUpNpDLduBuI5w==

"@pixi/settings@7.0.5":
  version "7.0.5"
  resolved "https://registry.yarnpkg.com/@pixi/settings/-/settings-7.0.5.tgz#ea46f77fa32aa95e9f4888f06728c77656e39fee"
  integrity sha512-79cP7z4v47gCKecEU24dXL83hYZoXcv7xBG+sF0RQhsRyHoU2niCXukorgsKeMn0Gq/kA+UtWdV0tSCns9xjQQ==
  dependencies:
    "@pixi/constants" "7.0.5"
    "@types/css-font-loading-module" "^0.0.7"

"@pixi/sprite-animated@7.0.5":
  version "7.0.5"
  resolved "https://registry.yarnpkg.com/@pixi/sprite-animated/-/sprite-animated-7.0.5.tgz#a74f45b809470488338ecd949d7179ffa39c7442"
  integrity sha512-pV+3w3PXnrhvgAAle21ZsR+6o5A9Di1A/TrnrVqCCM2442rexjhwOUr+pHiXiogq1GjJaVFh2ULPzbuM2Ja9/Q==

"@pixi/sprite-tiling@7.0.5":
  version "7.0.5"
  resolved "https://registry.yarnpkg.com/@pixi/sprite-tiling/-/sprite-tiling-7.0.5.tgz#4f8cfd353f66ddd884d365e811c0d396e857220d"
  integrity sha512-xpZhk8X5OfX40EYdyCUnX8kmwT7OLx0qXFanN6zvEngHC7Rjgc49Avi9urdCRpmr8USARTFjyxPXtAg5AnsUmQ==

"@pixi/sprite@7.0.5":
  version "7.0.5"
  resolved "https://registry.yarnpkg.com/@pixi/sprite/-/sprite-7.0.5.tgz#99211e4396d0313ffe8e02f48158393541416acc"
  integrity sha512-cWcxz/aB76ZiasQyMa2nugHZn8PmMEk0kmYpdjLCzH+jPf1dpx7YuGuxqR73SbaNuv3sU7Z9BIGZZ7RWr4mpWQ==

"@pixi/spritesheet@7.0.5":
  version "7.0.5"
  resolved "https://registry.yarnpkg.com/@pixi/spritesheet/-/spritesheet-7.0.5.tgz#a39266f2790d6d7d0e5e005fdd1b0424961639f9"
  integrity sha512-Wbvr73mKAB0X6fxPsQs3HduAtk5tTkBAvtAs5+NsSfkPLWjMU8HGpcEx/mr7rrGraw9DxGzZ4bwdeZuGjAWFyA==

"@pixi/text-bitmap@7.0.5":
  version "7.0.5"
  resolved "https://registry.yarnpkg.com/@pixi/text-bitmap/-/text-bitmap-7.0.5.tgz#0815a75181ccd4cdc937be456ae5068e0bcc9945"
  integrity sha512-Ee4apuf8riXQw5j97IyzElS5Vu9Dnk0TvXZQsqzZeZHbmwL5KVjrF4dnRQIL8FGFl1nrq/OpL0HWI83IxqwC6Q==

"@pixi/text@7.0.5":
  version "7.0.5"
  resolved "https://registry.yarnpkg.com/@pixi/text/-/text-7.0.5.tgz#20a52fffeb33575d24915da0cbc9bbd9bbbfe789"
  integrity sha512-B/yUUqUeqx/X0H3I33xalttBJ3KlkADJioDI+K3WW1D6ue6qENnWby/JKd/8ZiqRdQfyZ9jsmsldfR2OEzLIJA==

"@pixi/ticker@7.0.5":
  version "7.0.5"
  resolved "https://registry.yarnpkg.com/@pixi/ticker/-/ticker-7.0.5.tgz#2d7c14bbdaf3df46e0005c930667012b5276a42c"
  integrity sha512-a/QIvInjKTK5HngkRXjA9EYEuDKkOwEQ4bAZZYx7bjJzFseWULkNsSAdnfqjny+BOLIKhF7u2Hf4n+ef1H2xMg==
  dependencies:
    "@pixi/extensions" "7.0.5"
    "@pixi/settings" "7.0.5"

"@pixi/utils@7.0.5":
  version "7.0.5"
  resolved "https://registry.yarnpkg.com/@pixi/utils/-/utils-7.0.5.tgz#a8ca97eed2ac2c2d9378bebe5b8e96b3cc207c6e"
  integrity sha512-aFweyXTC2dlsyVQNQarsPQXIuuQDIPSV5WI4unU3VpQ+SaKmH3LTHm4+75JgOweGwRclUw4c/kEYf92RmQBmHg==
  dependencies:
    "@pixi/constants" "7.0.5"
    "@pixi/settings" "7.0.5"
    "@types/earcut" "^2.1.0"
    earcut "^2.2.4"
    eventemitter3 "^4.0.0"
    url "^0.11.0"

"@types/css-font-loading-module@^0.0.7":
  version "0.0.7"
  resolved "https://registry.yarnpkg.com/@types/css-font-loading-module/-/css-font-loading-module-0.0.7.tgz#2f98ede46acc0975de85c0b7b0ebe06041d24601"
  integrity sha512-nl09VhutdjINdWyXxHWN/w9zlNCfr60JUqJbd24YXUuCwgeL0TpFSdElCwb6cxfB6ybE19Gjj4g0jsgkXxKv1Q==

"@types/earcut@^2.1.0":
  version "2.1.1"
  resolved "https://registry.yarnpkg.com/@types/earcut/-/earcut-2.1.1.tgz#573a0af609f17005c751f6f4ffec49cfe358ea51"
  integrity sha512-w8oigUCDjElRHRRrMvn/spybSMyX8MTkKA5Dv+tS1IE/TgmNZPqUYtvYBXGY8cieSE66gm+szeK+bnbxC2xHTQ==

"@types/lodash@^4.14.191":
  version "4.14.191"
  resolved "https://registry.yarnpkg.com/@types/lodash/-/lodash-4.14.191.tgz#09511e7f7cba275acd8b419ddac8da9a6a79e2fa"
  integrity sha512-BdZ5BCCvho3EIXw6wUCXHe7rS53AIDPLE+JzwgT+OsJk53oBfbSmZZ7CX4VaRoN78N+TJpFi9QPlfIVNmJYWxQ==

"@types/offscreencanvas@^2019.6.4":
  version "2019.7.0"
  resolved "https://registry.yarnpkg.com/@types/offscreencanvas/-/offscreencanvas-2019.7.0.tgz#e4a932069db47bb3eabeb0b305502d01586fa90d"
  integrity sha512-PGcyveRIpL1XIqK8eBsmRBt76eFgtzuPiSTyKHZxnGemp2yzGzWpjYKAfK3wIMiU7eH+851yEpiuP8JZerTmWg==

earcut@^2.2.4:
  version "2.2.4"
  resolved "https://registry.yarnpkg.com/earcut/-/earcut-2.2.4.tgz#6d02fd4d68160c114825d06890a92ecaae60343a"
  integrity sha512-/pjZsA1b4RPHbeWZQn66SWS8nZZWLQQ23oE3Eam7aroEFGEvwKAsJfZ9ytiEMycfzXWpca4FA9QIOehf7PocBQ==

esbuild@^0.16.3:
  version "0.16.13"
  resolved "https://registry.yarnpkg.com/esbuild/-/esbuild-0.16.13.tgz#83cd347c28221268bbfa0425db532d7d05f85b48"
  integrity sha512-oYwFdSEIoKM1oYzyem1osgKJAvg5447XF+05ava21fOtilyb2HeQQh26/74K4WeAk5dZmj/Mx10zUqUnI14jhA==
  optionalDependencies:
    "@esbuild/android-arm" "0.16.13"
    "@esbuild/android-arm64" "0.16.13"
    "@esbuild/android-x64" "0.16.13"
    "@esbuild/darwin-arm64" "0.16.13"
    "@esbuild/darwin-x64" "0.16.13"
    "@esbuild/freebsd-arm64" "0.16.13"
    "@esbuild/freebsd-x64" "0.16.13"
    "@esbuild/linux-arm" "0.16.13"
    "@esbuild/linux-arm64" "0.16.13"
    "@esbuild/linux-ia32" "0.16.13"
    "@esbuild/linux-loong64" "0.16.13"
    "@esbuild/linux-mips64el" "0.16.13"
    "@esbuild/linux-ppc64" "0.16.13"
    "@esbuild/linux-riscv64" "0.16.13"
    "@esbuild/linux-s390x" "0.16.13"
    "@esbuild/linux-x64" "0.16.13"
    "@esbuild/netbsd-x64" "0.16.13"
    "@esbuild/openbsd-x64" "0.16.13"
    "@esbuild/sunos-x64" "0.16.13"
    "@esbuild/win32-arm64" "0.16.13"
    "@esbuild/win32-ia32" "0.16.13"
    "@esbuild/win32-x64" "0.16.13"

eventemitter3@^4.0.0:
  version "4.0.7"
  resolved "https://registry.yarnpkg.com/eventemitter3/-/eventemitter3-4.0.7.tgz#2de9b68f6528d5644ef5c59526a1b4a07306169f"
  integrity sha512-8guHBZCwKnFhYdHr2ysuRWErTwhoN2X8XELRlrRwpmfeY2jjuUN4taQMsULKUVo1K4DvZl+0pgfyoysHxvmvEw==

fsevents@~2.3.2:
  version "2.3.2"
  resolved "https://registry.yarnpkg.com/fsevents/-/fsevents-2.3.2.tgz#8a526f78b8fdf4623b709e0b975c52c24c02fd1a"
  integrity sha512-xiqMQR4xAeHTuB9uWm+fFRcIOgKBMiOBP+eXiyT7jsgVCq1bkVygt00oASowB7EdtpOHaaPgKt812P9ab+DDKA==

function-bind@^1.1.1:
  version "1.1.1"
  resolved "https://registry.yarnpkg.com/function-bind/-/function-bind-1.1.1.tgz#a56899d3ea3c9bab874bb9773b7c5ede92f4895d"
  integrity sha512-yIovAzMX49sF8Yl58fSCWJ5svSLuaibPxXQJFLmBObTuCr0Mf1KiPopGM9NiFjiYBCbfaa2Fh6breQ6ANVTI0A==

has@^1.0.3:
  version "1.0.3"
  resolved "https://registry.yarnpkg.com/has/-/has-1.0.3.tgz#722d7cbfc1f6aa8241f16dd814e011e1f41e8796"
  integrity sha512-f2dvO0VU6Oej7RkWJGrehjbzMAjFp5/VKPp5tTpWIV4JHHZK1/BxbFRtf/siA2SWTe09caDmVtYYzWEIbBS4zw==
  dependencies:
    function-bind "^1.1.1"

is-core-module@^2.9.0:
  version "2.11.0"
  resolved "https://registry.yarnpkg.com/is-core-module/-/is-core-module-2.11.0.tgz#ad4cb3e3863e814523c96f3f58d26cc570ff0144"
  integrity sha512-RRjxlvLDkD1YJwDbroBHMb+cukurkDWNyHx7D3oNB5x9rb5ogcksMC5wHCadcXoo67gVr/+3GFySh3134zi6rw==
  dependencies:
    has "^1.0.3"

lodash@^4.17.21:
  version "4.17.21"
  resolved "https://registry.yarnpkg.com/lodash/-/lodash-4.17.21.tgz#679591c564c3bffaae8454cf0b3df370c3d6911c"
  integrity sha512-v2kDEe57lecTulaDIuNTPy3Ry4gLGJ6Z1O3vE1krgXZNrsQ+LFTGHVxVjcXPs17LhbZVGedAJv8XZ1tvj5FvSg==

nanoid@^3.3.4:
  version "3.3.4"
  resolved "https://registry.yarnpkg.com/nanoid/-/nanoid-3.3.4.tgz#730b67e3cd09e2deacf03c027c81c9d9dbc5e8ab"
  integrity sha512-MqBkQh/OHTS2egovRtLk45wEyNXwF+cokD+1YPf9u5VfJiRdAiRwB2froX5Co9Rh20xs4siNPm8naNotSD6RBw==

path-parse@^1.0.7:
  version "1.0.7"
  resolved "https://registry.yarnpkg.com/path-parse/-/path-parse-1.0.7.tgz#fbc114b60ca42b30d9daf5858e4bd68bbedb6735"
  integrity sha512-LDJzPVEEEPR+y48z93A0Ed0yXb8pAByGWo/k5YYdYgpY2/2EsOsksJrq7lOHxryrVOn1ejG6oAp8ahvOIQD8sw==

picocolors@^1.0.0:
  version "1.0.0"
  resolved "https://registry.yarnpkg.com/picocolors/-/picocolors-1.0.0.tgz#cb5bdc74ff3f51892236eaf79d68bc44564ab81c"
  integrity sha512-1fygroTLlHu66zi26VoTDv8yRgm0Fccecssto+MhsZ0D/DGW2sm8E8AjW7NU5VVTRt5GxbeZ5qBuJr+HyLYkjQ==

pixi.js@^7.0.5:
  version "7.0.5"
  resolved "https://registry.yarnpkg.com/pixi.js/-/pixi.js-7.0.5.tgz#5d9909b03b8839b1c9c6cd9809a816718595c042"
  integrity sha512-XCFSUojaIdDz745bvQDmyEsJ6A3eh7mCeGW+esukzLQFPnDP/NvPsJszJKhyRuoktyzJb5xsuV08Eh3Y7+VC3w==
  dependencies:
    "@pixi/accessibility" "7.0.5"
    "@pixi/app" "7.0.5"
    "@pixi/assets" "7.0.5"
    "@pixi/compressed-textures" "7.0.5"
    "@pixi/core" "7.0.5"
    "@pixi/display" "7.0.5"
    "@pixi/events" "7.0.5"
    "@pixi/extensions" "7.0.5"
    "@pixi/extract" "7.0.5"
    "@pixi/filter-alpha" "7.0.5"
    "@pixi/filter-blur" "7.0.5"
    "@pixi/filter-color-matrix" "7.0.5"
    "@pixi/filter-displacement" "7.0.5"
    "@pixi/filter-fxaa" "7.0.5"
    "@pixi/filter-noise" "7.0.5"
    "@pixi/graphics" "7.0.5"
    "@pixi/mesh" "7.0.5"
    "@pixi/mesh-extras" "7.0.5"
    "@pixi/mixin-cache-as-bitmap" "7.0.5"
    "@pixi/mixin-get-child-by-name" "7.0.5"
    "@pixi/mixin-get-global-position" "7.0.5"
    "@pixi/particle-container" "7.0.5"
    "@pixi/prepare" "7.0.5"
    "@pixi/sprite" "7.0.5"
    "@pixi/sprite-animated" "7.0.5"
    "@pixi/sprite-tiling" "7.0.5"
    "@pixi/spritesheet" "7.0.5"
    "@pixi/text" "7.0.5"
    "@pixi/text-bitmap" "7.0.5"

postcss@^8.4.20:
  version "8.4.20"
  resolved "https://registry.yarnpkg.com/postcss/-/postcss-8.4.20.tgz#64c52f509644cecad8567e949f4081d98349dc56"
  integrity sha512-6Q04AXR1212bXr5fh03u8aAwbLxAQNGQ/Q1LNa0VfOI06ZAlhPHtQvE4OIdpj4kLThXilalPnmDSOD65DcHt+g==
  dependencies:
    nanoid "^3.3.4"
    picocolors "^1.0.0"
    source-map-js "^1.0.2"

prettier@^2.8.1:
  version "2.8.1"
  resolved "https://registry.yarnpkg.com/prettier/-/prettier-2.8.1.tgz#4e1fd11c34e2421bc1da9aea9bd8127cd0a35efc"
  integrity sha512-lqGoSJBQNJidqCHE80vqZJHWHRFoNYsSpP9AjFhlhi9ODCJA541svILes/+/1GM3VaL/abZi7cpFzOpdR9UPKg==

punycode@1.3.2:
  version "1.3.2"
  resolved "https://registry.yarnpkg.com/punycode/-/punycode-1.3.2.tgz#9653a036fb7c1ee42342f2325cceefea3926c48d"
  integrity sha512-RofWgt/7fL5wP1Y7fxE7/EmTLzQVnB0ycyibJ0OOHIlJqTNzglYFxVwETOcIoJqJmpDXJ9xImDv+Fq34F/d4Dw==

querystring@0.2.0:
  version "0.2.0"
  resolved "https://registry.yarnpkg.com/querystring/-/querystring-0.2.0.tgz#b209849203bb25df820da756e747005878521620"
  integrity sha512-X/xY82scca2tau62i9mDyU9K+I+djTMUsvwf7xnUX5GLvVzgJybOJf4Y6o9Zx3oJK/LSXg5tTZBjwzqVPaPO2g==

resolve@^1.22.1:
  version "1.22.1"
  resolved "https://registry.yarnpkg.com/resolve/-/resolve-1.22.1.tgz#27cb2ebb53f91abb49470a928bba7558066ac177"
  integrity sha512-nBpuuYuY5jFsli/JIs1oldw6fOQCBioohqWZg/2hiaOybXOft4lonv85uDOKXdf8rhyK159cxU5cDcK/NKk8zw==
  dependencies:
    is-core-module "^2.9.0"
    path-parse "^1.0.7"
    supports-preserve-symlinks-flag "^1.0.0"

rollup@^3.7.0:
  version "3.9.1"
  resolved "https://registry.yarnpkg.com/rollup/-/rollup-3.9.1.tgz#27501d3d026418765fe379d5620d25954ff2a011"
  integrity sha512-GswCYHXftN8ZKGVgQhTFUJB/NBXxrRGgO2NCy6E8s1rwEJ4Q9/VttNqcYfEvx4dTo4j58YqdC3OVztPzlKSX8w==
  optionalDependencies:
    fsevents "~2.3.2"

source-map-js@^1.0.2:
  version "1.0.2"
  resolved "https://registry.yarnpkg.com/source-map-js/-/source-map-js-1.0.2.tgz#adbc361d9c62df380125e7f161f71c826f1e490c"
  integrity sha512-R0XvVJ9WusLiqTCEiGCmICCMplcCkIwwR11mOSD9CR5u+IXYdiseeEuXCVAjS54zqwkLcPNnmU4OeJ6tUrWhDw==

supports-preserve-symlinks-flag@^1.0.0:
  version "1.0.0"
  resolved "https://registry.yarnpkg.com/supports-preserve-symlinks-flag/-/supports-preserve-symlinks-flag-1.0.0.tgz#6eda4bd344a3c94aea376d4cc31bc77311039e09"
  integrity sha512-ot0WnXS9fgdkgIcePe6RHNk1WA8+muPa6cSjeR3V8K27q9BB1rTE3R1p7Hv0z1ZyAc8s6Vvv8DIyWf681MAt0w==

url@^0.11.0:
  version "0.11.0"
  resolved "https://registry.yarnpkg.com/url/-/url-0.11.0.tgz#3838e97cfc60521eb73c525a8e55bfdd9e2e28f1"
  integrity sha512-kbailJa29QrtXnxgq+DdCEGlbTeYM2eJUxsz6vjZavrCYPMIFHMKQmSKYAIuUK2i7hgPm28a8piX5NTUtM/LKQ==
  dependencies:
    punycode "1.3.2"
    querystring "0.2.0"

vite@^4.0.3:
  version "4.0.3"
  resolved "https://registry.yarnpkg.com/vite/-/vite-4.0.3.tgz#de27ad3f263a03ae9419cdc8bc07721eadcba8b9"
  integrity sha512-HvuNv1RdE7deIfQb8mPk51UKjqptO/4RXZ5yXSAvurd5xOckwS/gg8h9Tky3uSbnjYTgUm0hVCet1cyhKd73ZA==
  dependencies:
    esbuild "^0.16.3"
    postcss "^8.4.20"
    resolve "^1.22.1"
    rollup "^3.7.0"
  optionalDependencies:
    fsevents "~2.3.2"
